// !$*UTF8*$!
{
	archiveVersion = 1;
	classes = {
	};
	objectVersion = 46;
	objects = {

/* Begin PBXBuildFile section */
		0CC3B96E19076DD2008ACF5C /* Foundation.framework in Frameworks */ = {isa = PBXBuildFile; fileRef = 0CC3B96D19076DD2008ACF5C /* Foundation.framework */; };
		0CC3B97019076DD2008ACF5C /* CoreGraphics.framework in Frameworks */ = {isa = PBXBuildFile; fileRef = 0CC3B96F19076DD2008ACF5C /* CoreGraphics.framework */; };
		0CC3B97219076DD2008ACF5C /* UIKit.framework in Frameworks */ = {isa = PBXBuildFile; fileRef = 0CC3B97119076DD2008ACF5C /* UIKit.framework */; };
		0CC3B97419076DD2008ACF5C /* SpriteKit.framework in Frameworks */ = {isa = PBXBuildFile; fileRef = 0CC3B97319076DD2008ACF5C /* SpriteKit.framework */; };
		0CC3B97A19076DD2008ACF5C /* InfoPlist.strings in Resources */ = {isa = PBXBuildFile; fileRef = 0CC3B97819076DD2008ACF5C /* InfoPlist.strings */; };
		0CC3B97C19076DD2008ACF5C /* main.m in Sources */ = {isa = PBXBuildFile; fileRef = 0CC3B97B19076DD2008ACF5C /* main.m */; };
		0CC3B98019076DD2008ACF5C /* DFAppDelegate.m in Sources */ = {isa = PBXBuildFile; fileRef = 0CC3B97F19076DD2008ACF5C /* DFAppDelegate.m */; };
		0CC3B98C19076DD2008ACF5C /* DFMyScene.m in Sources */ = {isa = PBXBuildFile; fileRef = 0CC3B98B19076DD2008ACF5C /* DFMyScene.m */; };
		0CC3B98E19076DD2008ACF5C /* Spaceship.png in Resources */ = {isa = PBXBuildFile; fileRef = 0CC3B98D19076DD2008ACF5C /* Spaceship.png */; };
		0CC3B99019076DD2008ACF5C /* Images.xcassets in Resources */ = {isa = PBXBuildFile; fileRef = 0CC3B98F19076DD2008ACF5C /* Images.xcassets */; };
		0CC3B99719076DD2008ACF5C /* XCTest.framework in Frameworks */ = {isa = PBXBuildFile; fileRef = 0CC3B99619076DD2008ACF5C /* XCTest.framework */; };
		0CC3B99819076DD2008ACF5C /* Foundation.framework in Frameworks */ = {isa = PBXBuildFile; fileRef = 0CC3B96D19076DD2008ACF5C /* Foundation.framework */; };
		0CC3B99919076DD2008ACF5C /* UIKit.framework in Frameworks */ = {isa = PBXBuildFile; fileRef = 0CC3B97119076DD2008ACF5C /* UIKit.framework */; };
		0CC3B9A119076DD2008ACF5C /* InfoPlist.strings in Resources */ = {isa = PBXBuildFile; fileRef = 0CC3B99F19076DD2008ACF5C /* InfoPlist.strings */; };
		0CC3B9A319076DD2008ACF5C /* DevilForceTests.m in Sources */ = {isa = PBXBuildFile; fileRef = 0CC3B9A219076DD2008ACF5C /* DevilForceTests.m */; };
		0CC3B9AE1907711E008ACF5C /* DFMainViewController.m in Sources */ = {isa = PBXBuildFile; fileRef = 0CC3B9AD1907711E008ACF5C /* DFMainViewController.m */; };
		3A50EA1319080BD800018582 /* CoreMotion.framework in Frameworks */ = {isa = PBXBuildFile; fileRef = 3A50EA1219080BD800018582 /* CoreMotion.framework */; };
		3AF67ED119094A4D006CC492 /* CMDeviceMotion+TransformToReferenceFrame.m in Sources */ = {isa = PBXBuildFile; fileRef = 3AF67ED019094A4D006CC492 /* CMDeviceMotion+TransformToReferenceFrame.m */; };
/* End PBXBuildFile section */

/* Begin PBXContainerItemProxy section */
		0CC3B99A19076DD2008ACF5C /* PBXContainerItemProxy */ = {
			isa = PBXContainerItemProxy;
			containerPortal = 0CC3B96219076DD2008ACF5C /* Project object */;
			proxyType = 1;
			remoteGlobalIDString = 0CC3B96919076DD2008ACF5C;
			remoteInfo = DevilForce;
		};
/* End PBXContainerItemProxy section */

/* Begin PBXFileReference section */
		0CC3B96A19076DD2008ACF5C /* DevilForce.app */ = {isa = PBXFileReference; explicitFileType = wrapper.application; includeInIndex = 0; path = DevilForce.app; sourceTree = BUILT_PRODUCTS_DIR; };
		0CC3B96D19076DD2008ACF5C /* Foundation.framework */ = {isa = PBXFileReference; lastKnownFileType = wrapper.framework; name = Foundation.framework; path = System/Library/Frameworks/Foundation.framework; sourceTree = SDKROOT; };
		0CC3B96F19076DD2008ACF5C /* CoreGraphics.framework */ = {isa = PBXFileReference; lastKnownFileType = wrapper.framework; name = CoreGraphics.framework; path = System/Library/Frameworks/CoreGraphics.framework; sourceTree = SDKROOT; };
		0CC3B97119076DD2008ACF5C /* UIKit.framework */ = {isa = PBXFileReference; lastKnownFileType = wrapper.framework; name = UIKit.framework; path = System/Library/Frameworks/UIKit.framework; sourceTree = SDKROOT; };
		0CC3B97319076DD2008ACF5C /* SpriteKit.framework */ = {isa = PBXFileReference; lastKnownFileType = wrapper.framework; name = SpriteKit.framework; path = System/Library/Frameworks/SpriteKit.framework; sourceTree = SDKROOT; };
		0CC3B97719076DD2008ACF5C /* DevilForce-Info.plist */ = {isa = PBXFileReference; lastKnownFileType = text.plist.xml; path = "DevilForce-Info.plist"; sourceTree = "<group>"; };
		0CC3B97919076DD2008ACF5C /* en */ = {isa = PBXFileReference; lastKnownFileType = text.plist.strings; name = en; path = en.lproj/InfoPlist.strings; sourceTree = "<group>"; };
		0CC3B97B19076DD2008ACF5C /* main.m */ = {isa = PBXFileReference; lastKnownFileType = sourcecode.c.objc; path = main.m; sourceTree = "<group>"; };
		0CC3B97D19076DD2008ACF5C /* DevilForce-Prefix.pch */ = {isa = PBXFileReference; lastKnownFileType = sourcecode.c.h; path = "DevilForce-Prefix.pch"; sourceTree = "<group>"; };
		0CC3B97E19076DD2008ACF5C /* DFAppDelegate.h */ = {isa = PBXFileReference; lastKnownFileType = sourcecode.c.h; path = DFAppDelegate.h; sourceTree = "<group>"; };
		0CC3B97F19076DD2008ACF5C /* DFAppDelegate.m */ = {isa = PBXFileReference; lastKnownFileType = sourcecode.c.objc; path = DFAppDelegate.m; sourceTree = "<group>"; };
		0CC3B98A19076DD2008ACF5C /* DFMyScene.h */ = {isa = PBXFileReference; lastKnownFileType = sourcecode.c.h; path = DFMyScene.h; sourceTree = "<group>"; };
		0CC3B98B19076DD2008ACF5C /* DFMyScene.m */ = {isa = PBXFileReference; lastKnownFileType = sourcecode.c.objc; path = DFMyScene.m; sourceTree = "<group>"; };
		0CC3B98D19076DD2008ACF5C /* Spaceship.png */ = {isa = PBXFileReference; lastKnownFileType = image.png; path = Spaceship.png; sourceTree = "<group>"; };
		0CC3B98F19076DD2008ACF5C /* Images.xcassets */ = {isa = PBXFileReference; lastKnownFileType = folder.assetcatalog; path = Images.xcassets; sourceTree = "<group>"; };
		0CC3B99519076DD2008ACF5C /* DevilForceTests.xctest */ = {isa = PBXFileReference; explicitFileType = wrapper.cfbundle; includeInIndex = 0; path = DevilForceTests.xctest; sourceTree = BUILT_PRODUCTS_DIR; };
		0CC3B99619076DD2008ACF5C /* XCTest.framework */ = {isa = PBXFileReference; lastKnownFileType = wrapper.framework; name = XCTest.framework; path = Library/Frameworks/XCTest.framework; sourceTree = DEVELOPER_DIR; };
		0CC3B99E19076DD2008ACF5C /* DevilForceTests-Info.plist */ = {isa = PBXFileReference; lastKnownFileType = text.plist.xml; path = "DevilForceTests-Info.plist"; sourceTree = "<group>"; };
		0CC3B9A019076DD2008ACF5C /* en */ = {isa = PBXFileReference; lastKnownFileType = text.plist.strings; name = en; path = en.lproj/InfoPlist.strings; sourceTree = "<group>"; };
		0CC3B9A219076DD2008ACF5C /* DevilForceTests.m */ = {isa = PBXFileReference; lastKnownFileType = sourcecode.c.objc; path = DevilForceTests.m; sourceTree = "<group>"; };
		0CC3B9AC1907711E008ACF5C /* DFMainViewController.h */ = {isa = PBXFileReference; fileEncoding = 4; lastKnownFileType = sourcecode.c.h; path = DFMainViewController.h; sourceTree = "<group>"; };
		0CC3B9AD1907711E008ACF5C /* DFMainViewController.m */ = {isa = PBXFileReference; fileEncoding = 4; lastKnownFileType = sourcecode.c.objc; path = DFMainViewController.m; sourceTree = "<group>"; };
		3A50EA1219080BD800018582 /* CoreMotion.framework */ = {isa = PBXFileReference; lastKnownFileType = wrapper.framework; name = CoreMotion.framework; path = System/Library/Frameworks/CoreMotion.framework; sourceTree = SDKROOT; };
		3AF67ECF19094A4D006CC492 /* CMDeviceMotion+TransformToReferenceFrame.h */ = {isa = PBXFileReference; fileEncoding = 4; lastKnownFileType = sourcecode.c.h; path = "CMDeviceMotion+TransformToReferenceFrame.h"; sourceTree = "<group>"; };
		3AF67ED019094A4D006CC492 /* CMDeviceMotion+TransformToReferenceFrame.m */ = {isa = PBXFileReference; fileEncoding = 4; lastKnownFileType = sourcecode.c.objc; path = "CMDeviceMotion+TransformToReferenceFrame.m"; sourceTree = "<group>"; };
/* End PBXFileReference section */

/* Begin PBXFrameworksBuildPhase section */
		0CC3B96719076DD2008ACF5C /* Frameworks */ = {
			isa = PBXFrameworksBuildPhase;
			buildActionMask = 2147483647;
			files = (
				3A50EA1319080BD800018582 /* CoreMotion.framework in Frameworks */,
				0CC3B97019076DD2008ACF5C /* CoreGraphics.framework in Frameworks */,
				0CC3B97219076DD2008ACF5C /* UIKit.framework in Frameworks */,
				0CC3B97419076DD2008ACF5C /* SpriteKit.framework in Frameworks */,
				0CC3B96E19076DD2008ACF5C /* Foundation.framework in Frameworks */,
			);
			runOnlyForDeploymentPostprocessing = 0;
		};
		0CC3B99219076DD2008ACF5C /* Frameworks */ = {
			isa = PBXFrameworksBuildPhase;
			buildActionMask = 2147483647;
			files = (
				0CC3B99719076DD2008ACF5C /* XCTest.framework in Frameworks */,
				0CC3B99919076DD2008ACF5C /* UIKit.framework in Frameworks */,
				0CC3B99819076DD2008ACF5C /* Foundation.framework in Frameworks */,
			);
			runOnlyForDeploymentPostprocessing = 0;
		};
/* End PBXFrameworksBuildPhase section */

/* Begin PBXGroup section */
		0CC3B96119076DD2008ACF5C = {
			isa = PBXGroup;
			children = (
				0CC3B97519076DD2008ACF5C /* DevilForce */,
				0CC3B99C19076DD2008ACF5C /* DevilForceTests */,
				0CC3B96C19076DD2008ACF5C /* Frameworks */,
				0CC3B96B19076DD2008ACF5C /* Products */,
			);
			sourceTree = "<group>";
		};
		0CC3B96B19076DD2008ACF5C /* Products */ = {
			isa = PBXGroup;
			children = (
				0CC3B96A19076DD2008ACF5C /* DevilForce.app */,
				0CC3B99519076DD2008ACF5C /* DevilForceTests.xctest */,
			);
			name = Products;
			sourceTree = "<group>";
		};
		0CC3B96C19076DD2008ACF5C /* Frameworks */ = {
			isa = PBXGroup;
			children = (
				3A50EA1219080BD800018582 /* CoreMotion.framework */,
				0CC3B96D19076DD2008ACF5C /* Foundation.framework */,
				0CC3B96F19076DD2008ACF5C /* CoreGraphics.framework */,
				0CC3B97119076DD2008ACF5C /* UIKit.framework */,
				0CC3B97319076DD2008ACF5C /* SpriteKit.framework */,
				0CC3B99619076DD2008ACF5C /* XCTest.framework */,
			);
			name = Frameworks;
			sourceTree = "<group>";
		};
		0CC3B97519076DD2008ACF5C /* DevilForce */ = {
			isa = PBXGroup;
			children = (
				0CC3B97E19076DD2008ACF5C /* DFAppDelegate.h */,
				0CC3B97F19076DD2008ACF5C /* DFAppDelegate.m */,
				0CC3B9AC1907711E008ACF5C /* DFMainViewController.h */,
				0CC3B9AD1907711E008ACF5C /* DFMainViewController.m */,
				3AF67ECF19094A4D006CC492 /* CMDeviceMotion+TransformToReferenceFrame.h */,
				3AF67ED019094A4D006CC492 /* CMDeviceMotion+TransformToReferenceFrame.m */,
				0CC3B98A19076DD2008ACF5C /* DFMyScene.h */,
				0CC3B98B19076DD2008ACF5C /* DFMyScene.m */,
				0CC3B98D19076DD2008ACF5C /* Spaceship.png */,
				0CC3B98F19076DD2008ACF5C /* Images.xcassets */,
				0CC3B97619076DD2008ACF5C /* Supporting Files */,
			);
			path = DevilForce;
			sourceTree = "<group>";
		};
		0CC3B97619076DD2008ACF5C /* Supporting Files */ = {
			isa = PBXGroup;
			children = (
				0CC3B97719076DD2008ACF5C /* DevilForce-Info.plist */,
				0CC3B97819076DD2008ACF5C /* InfoPlist.strings */,
				0CC3B97B19076DD2008ACF5C /* main.m */,
				0CC3B97D19076DD2008ACF5C /* DevilForce-Prefix.pch */,
			);
			name = "Supporting Files";
			sourceTree = "<group>";
		};
		0CC3B99C19076DD2008ACF5C /* DevilForceTests */ = {
			isa = PBXGroup;
			children = (
				0CC3B9A219076DD2008ACF5C /* DevilForceTests.m */,
				0CC3B99D19076DD2008ACF5C /* Supporting Files */,
			);
			path = DevilForceTests;
			sourceTree = "<group>";
		};
		0CC3B99D19076DD2008ACF5C /* Supporting Files */ = {
			isa = PBXGroup;
			children = (
				0CC3B99E19076DD2008ACF5C /* DevilForceTests-Info.plist */,
				0CC3B99F19076DD2008ACF5C /* InfoPlist.strings */,
			);
			name = "Supporting Files";
			sourceTree = "<group>";
		};
/* End PBXGroup section */

/* Begin PBXNativeTarget section */
		0CC3B96919076DD2008ACF5C /* DevilForce */ = {
			isa = PBXNativeTarget;
			buildConfigurationList = 0CC3B9A619076DD2008ACF5C /* Build configuration list for PBXNativeTarget "DevilForce" */;
			buildPhases = (
				0CC3B96619076DD2008ACF5C /* Sources */,
				0CC3B96719076DD2008ACF5C /* Frameworks */,
				0CC3B96819076DD2008ACF5C /* Resources */,
			);
			buildRules = (
			);
			dependencies = (
			);
			name = DevilForce;
			productName = DevilForce;
			productReference = 0CC3B96A19076DD2008ACF5C /* DevilForce.app */;
			productType = "com.apple.product-type.application";
		};
		0CC3B99419076DD2008ACF5C /* DevilForceTests */ = {
			isa = PBXNativeTarget;
			buildConfigurationList = 0CC3B9A919076DD2008ACF5C /* Build configuration list for PBXNativeTarget "DevilForceTests" */;
			buildPhases = (
				0CC3B99119076DD2008ACF5C /* Sources */,
				0CC3B99219076DD2008ACF5C /* Frameworks */,
				0CC3B99319076DD2008ACF5C /* Resources */,
			);
			buildRules = (
			);
			dependencies = (
				0CC3B99B19076DD2008ACF5C /* PBXTargetDependency */,
			);
			name = DevilForceTests;
			productName = DevilForceTests;
			productReference = 0CC3B99519076DD2008ACF5C /* DevilForceTests.xctest */;
			productType = "com.apple.product-type.bundle.unit-test";
		};
/* End PBXNativeTarget section */

/* Begin PBXProject section */
		0CC3B96219076DD2008ACF5C /* Project object */ = {
			isa = PBXProject;
			attributes = {
				CLASSPREFIX = DF;
				LastUpgradeCheck = 0510;
				ORGANIZATIONNAME = jiajia;
				TargetAttributes = {
					0CC3B99419076DD2008ACF5C = {
						TestTargetID = 0CC3B96919076DD2008ACF5C;
					};
				};
			};
			buildConfigurationList = 0CC3B96519076DD2008ACF5C /* Build configuration list for PBXProject "DevilForce" */;
			compatibilityVersion = "Xcode 3.2";
			developmentRegion = English;
			hasScannedForEncodings = 0;
			knownRegions = (
				en,
				Base,
			);
			mainGroup = 0CC3B96119076DD2008ACF5C;
			productRefGroup = 0CC3B96B19076DD2008ACF5C /* Products */;
			projectDirPath = "";
			projectRoot = "";
			targets = (
				0CC3B96919076DD2008ACF5C /* DevilForce */,
				0CC3B99419076DD2008ACF5C /* DevilForceTests */,
			);
		};
/* End PBXProject section */

/* Begin PBXResourcesBuildPhase section */
		0CC3B96819076DD2008ACF5C /* Resources */ = {
			isa = PBXResourcesBuildPhase;
			buildActionMask = 2147483647;
			files = (
				0CC3B98E19076DD2008ACF5C /* Spaceship.png in Resources */,
				0CC3B99019076DD2008ACF5C /* Images.xcassets in Resources */,
				0CC3B97A19076DD2008ACF5C /* InfoPlist.strings in Resources */,
			);
			runOnlyForDeploymentPostprocessing = 0;
		};
		0CC3B99319076DD2008ACF5C /* Resources */ = {
			isa = PBXResourcesBuildPhase;
			buildActionMask = 2147483647;
			files = (
				0CC3B9A119076DD2008ACF5C /* InfoPlist.strings in Resources */,
			);
			runOnlyForDeploymentPostprocessing = 0;
		};
/* End PBXResourcesBuildPhase section */

/* Begin PBXSourcesBuildPhase section */
		0CC3B96619076DD2008ACF5C /* Sources */ = {
			isa = PBXSourcesBuildPhase;
			buildActionMask = 2147483647;
			files = (
				0CC3B98C19076DD2008ACF5C /* DFMyScene.m in Sources */,
				3AF67ED119094A4D006CC492 /* CMDeviceMotion+TransformToReferenceFrame.m in Sources */,
				0CC3B98019076DD2008ACF5C /* DFAppDelegate.m in Sources */,
				0CC3B9AE1907711E008ACF5C /* DFMainViewController.m in Sources */,
				0CC3B97C19076DD2008ACF5C /* main.m in Sources */,
			);
			runOnlyForDeploymentPostprocessing = 0;
		};
		0CC3B99119076DD2008ACF5C /* Sources */ = {
			isa = PBXSourcesBuildPhase;
			buildActionMask = 2147483647;
			files = (
				0CC3B9A319076DD2008ACF5C /* DevilForceTests.m in Sources */,
			);
			runOnlyForDeploymentPostprocessing = 0;
		};
/* End PBXSourcesBuildPhase section */

/* Begin PBXTargetDependency section */
		0CC3B99B19076DD2008ACF5C /* PBXTargetDependency */ = {
			isa = PBXTargetDependency;
			target = 0CC3B96919076DD2008ACF5C /* DevilForce */;
			targetProxy = 0CC3B99A19076DD2008ACF5C /* PBXContainerItemProxy */;
		};
/* End PBXTargetDependency section */

/* Begin PBXVariantGroup section */
		0CC3B97819076DD2008ACF5C /* InfoPlist.strings */ = {
			isa = PBXVariantGroup;
			children = (
				0CC3B97919076DD2008ACF5C /* en */,
			);
			name = InfoPlist.strings;
			sourceTree = "<group>";
		};
		0CC3B99F19076DD2008ACF5C /* InfoPlist.strings */ = {
			isa = PBXVariantGroup;
			children = (
				0CC3B9A019076DD2008ACF5C /* en */,
			);
			name = InfoPlist.strings;
			sourceTree = "<group>";
		};
/* End PBXVariantGroup section */

/* Begin XCBuildConfiguration section */
		0CC3B9A419076DD2008ACF5C /* Debug */ = {
			isa = XCBuildConfiguration;
			buildSettings = {
				ALWAYS_SEARCH_USER_PATHS = NO;
				CLANG_CXX_LANGUAGE_STANDARD = "gnu++0x";
				CLANG_CXX_LIBRARY = "libc++";
				CLANG_ENABLE_MODULES = YES;
				CLANG_ENABLE_OBJC_ARC = YES;
				CLANG_WARN_BOOL_CONVERSION = YES;
				CLANG_WARN_CONSTANT_CONVERSION = YES;
				CLANG_WARN_DIRECT_OBJC_ISA_USAGE = YES_ERROR;
				CLANG_WARN_EMPTY_BODY = YES;
				CLANG_WARN_ENUM_CONVERSION = YES;
				CLANG_WARN_INT_CONVERSION = YES;
				CLANG_WARN_OBJC_ROOT_CLASS = YES_ERROR;
				CLANG_WARN__DUPLICATE_METHOD_MATCH = YES;
				"CODE_SIGN_IDENTITY[sdk=iphoneos*]" = "iPhone Developer";
				COPY_PHASE_STRIP = NO;
				GCC_C_LANGUAGE_STANDARD = gnu99;
				GCC_DYNAMIC_NO_PIC = NO;
				GCC_OPTIMIZATION_LEVEL = 0;
				GCC_PREPROCESSOR_DEFINITIONS = (
					"DEBUG=1",
					"$(inherited)",
				);
				GCC_SYMBOLS_PRIVATE_EXTERN = NO;
				GCC_WARN_64_TO_32_BIT_CONVERSION = YES;
				GCC_WARN_ABOUT_RETURN_TYPE = YES_ERROR;
				GCC_WARN_UNDECLARED_SELECTOR = YES;
				GCC_WARN_UNINITIALIZED_AUTOS = YES_AGGRESSIVE;
				GCC_WARN_UNUSED_FUNCTION = YES;
				GCC_WARN_UNUSED_VARIABLE = YES;
				IPHONEOS_DEPLOYMENT_TARGET = 6.0;
				ONLY_ACTIVE_ARCH = YES;
				SDKROOT = iphoneos;
				TARGETED_DEVICE_FAMILY = "1,2";
			};
			name = Debug;
		};
		0CC3B9A519076DD2008ACF5C /* Release */ = {
			isa = XCBuildConfiguration;
			buildSettings = {
				ALWAYS_SEARCH_USER_PATHS = NO;
				CLANG_CXX_LANGUAGE_STANDARD = "gnu++0x";
				CLANG_CXX_LIBRARY = "libc++";
				CLANG_ENABLE_MODULES = YES;
				CLANG_ENABLE_OBJC_ARC = YES;
				CLANG_WARN_BOOL_CONVERSION = YES;
				CLANG_WARN_CONSTANT_CONVERSION = YES;
				CLANG_WARN_DIRECT_OBJC_ISA_USAGE = YES_ERROR;
				CLANG_WARN_EMPTY_BODY = YES;
				CLANG_WARN_ENUM_CONVERSION = YES;
				CLANG_WARN_INT_CONVERSION = YES;
				CLANG_WARN_OBJC_ROOT_CLASS = YES_ERROR;
				CLANG_WARN__DUPLICATE_METHOD_MATCH = YES;
				"CODE_SIGN_IDENTITY[sdk=iphoneos*]" = "iPhone Developer";
				COPY_PHASE_STRIP = YES;
				ENABLE_NS_ASSERTIONS = NO;
				GCC_C_LANGUAGE_STANDARD = gnu99;
				GCC_WARN_64_TO_32_BIT_CONVERSION = YES;
				GCC_WARN_ABOUT_RETURN_TYPE = YES_ERROR;
				GCC_WARN_UNDECLARED_SELECTOR = YES;
				GCC_WARN_UNINITIALIZED_AUTOS = YES_AGGRESSIVE;
				GCC_WARN_UNUSED_FUNCTION = YES;
				GCC_WARN_UNUSED_VARIABLE = YES;
				IPHONEOS_DEPLOYMENT_TARGET = 6.0;
				SDKROOT = iphoneos;
				TARGETED_DEVICE_FAMILY = "1,2";
				VALIDATE_PRODUCT = YES;
			};
			name = Release;
		};
		0CC3B9A719076DD2008ACF5C /* Debug */ = {
			isa = XCBuildConfiguration;
			buildSettings = {
				ASSETCATALOG_COMPILER_APPICON_NAME = AppIcon;
				ASSETCATALOG_COMPILER_LAUNCHIMAGE_NAME = LaunchImage;
				CODE_SIGN_IDENTITY = "iPhone Developer: qingjie tang (47J853NJTY)";
				GCC_PRECOMPILE_PREFIX_HEADER = YES;
				GCC_PREFIX_HEADER = "DevilForce/DevilForce-Prefix.pch";
				INFOPLIST_FILE = "DevilForce/DevilForce-Info.plist";
				IPHONEOS_DEPLOYMENT_TARGET = 6.0;
				PRODUCT_NAME = "$(TARGET_NAME)";
				PROVISIONING_PROFILE = "2303E459-5DC2-4DEB-A19D-5F7E19D00E6D";
				SDKROOT = iphoneos7.0;
				SPRITEKIT_TEXTURE_ATLAS_OUTPUT = YES;
				WRAPPER_EXTENSION = app;
			};
			name = Debug;
		};
		0CC3B9A819076DD2008ACF5C /* Release */ = {
			isa = XCBuildConfiguration;
			buildSettings = {
				ASSETCATALOG_COMPILER_APPICON_NAME = AppIcon;
				ASSETCATALOG_COMPILER_LAUNCHIMAGE_NAME = LaunchImage;
				CODE_SIGN_IDENTITY = "iPhone Developer: qingjie tang (47J853NJTY)";
				GCC_PRECOMPILE_PREFIX_HEADER = YES;
				GCC_PREFIX_HEADER = "DevilForce/DevilForce-Prefix.pch";
				INFOPLIST_FILE = "DevilForce/DevilForce-Info.plist";
				IPHONEOS_DEPLOYMENT_TARGET = 6.0;
				PRODUCT_NAME = "$(TARGET_NAME)";
				PROVISIONING_PROFILE = "2303E459-5DC2-4DEB-A19D-5F7E19D00E6D";
				SDKROOT = iphoneos7.0;
				SPRITEKIT_TEXTURE_ATLAS_OUTPUT = YES;
				WRAPPER_EXTENSION = app;
			};
			name = Release;
		};
		0CC3B9AA19076DD2008ACF5C /* Debug */ = {
			isa = XCBuildConfiguration;
			buildSettings = {
				BUNDLE_LOADER = "$(BUILT_PRODUCTS_DIR)/DevilForce.app/DevilForce";
				FRAMEWORK_SEARCH_PATHS = (
					"$(SDKROOT)/Developer/Library/Frameworks",
					"$(inherited)",
					"$(DEVELOPER_FRAMEWORKS_DIR)",
				);
				GCC_PRECOMPILE_PREFIX_HEADER = YES;
				GCC_PREFIX_HEADER = "DevilForce/DevilForce-Prefix.pch";
				GCC_PREPROCESSOR_DEFINITIONS = (
					"DEBUG=1",
					"$(inherited)",
				);
				INFOPLIST_FILE = "DevilForceTests/DevilForceTests-Info.plist";
				PRODUCT_NAME = "$(TARGET_NAME)";
				TEST_HOST = "$(BUNDLE_LOADER)";
				WRAPPER_EXTENSION = xctest;
			};
			name = Debug;
		};
		0CC3B9AB19076DD2008ACF5C /* Release */ = {
			isa = XCBuildConfiguration;
			buildSettings = {
				BUNDLE_LOADER = "$(BUILT_PRODUCTS_DIR)/DevilForce.app/DevilForce";
				FRAMEWORK_SEARCH_PATHS = (
					"$(SDKROOT)/Developer/Library/Frameworks",
					"$(inherited)",
					"$(DEVELOPER_FRAMEWORKS_DIR)",
				);
				GCC_PRECOMPILE_PREFIX_HEADER = YES;
				GCC_PREFIX_HEADER = "DevilForce/DevilForce-Prefix.pch";
				INFOPLIST_FILE = "DevilForceTests/DevilForceTests-Info.plist";
				PRODUCT_NAME = "$(TARGET_NAME)";
				TEST_HOST = "$(BUNDLE_LOADER)";
				WRAPPER_EXTENSION = xctest;
			};
			name = Release;
		};
/* End XCBuildConfiguration section */

/* Begin XCConfigurationList section */
		0CC3B96519076DD2008ACF5C /* Build configuration list for PBXProject "DevilForce" */ = {
			isa = XCConfigurationList;
			buildConfigurations = (
				0CC3B9A419076DD2008ACF5C /* Debug */,
				0CC3B9A519076DD2008ACF5C /* Release */,
			);
			defaultConfigurationIsVisible = 0;
			defaultConfigurationName = Release;
		};
		0CC3B9A619076DD2008ACF5C /* Build configuration list for PBXNativeTarget "DevilForce" */ = {
			isa = XCConfigurationList;
			buildConfigurations = (
				0CC3B9A719076DD2008ACF5C /* Debug */,
				0CC3B9A819076DD2008ACF5C /* Release */,
			);
			defaultConfigurationIsVisible = 0;
			defaultConfigurationName = Release;
		};
		0CC3B9A919076DD2008ACF5C /* Build configuration list for PBXNativeTarget "DevilForceTests" */ = {
			isa = XCConfigurationList;
			buildConfigurations = (
				0CC3B9AA19076DD2008ACF5C /* Debug */,
				0CC3B9AB19076DD2008ACF5C /* Release */,
			);
			defaultConfigurationIsVisible = 0;
			defaultConfigurationName = Release;
		};
/* End XCConfigurationList section */
	};
	rootObject = 0CC3B96219076DD2008ACF5C /* Project object */;
}
